# This file is automatically @generated by Cargo.
# It is not intended for manual editing.
version = 3

[[package]]
name = "win-toast-notify"
version = "0.1.5"
dependencies = [
 "xml",
]

[[package]]
name = "xml"
version = "0.8.20"
source = "registry+https://github.com/rust-lang/crates.io-index"
checksum = "ede1c99c55b4b3ad0349018ef0eccbe954ce9c342334410707ee87177fcf2ab4"
dependencies = [
 "xml-rs",
]

[[package]]
name = "xml-rs"
version = "0.8.20"
source = "registry+https://github.com/rust-lang/crates.io-index"
checksum = "791978798f0597cfc70478424c2b4fdc2b7a8024aaff78497ef00f24ef674193"
